
Microsoft Visual Studio Solution File, Format Version 12.00
# Visual Studio Version 17
VisualStudioVersion = 17.12.35707.178
MinimumVisualStudioVersion = 10.0.40219.1
Project("{FAE04EC0-301F-11D3-BF4B-00C04F79EFBC}") = "ClubMembershipApplication", "ClubMembershipApplication\ClubMembershipApplication.csproj", "{1384A48D-9932-4F20-A2A7-77C1756FACBC}"
EndProject
Project("{FAE04EC0-301F-11D3-BF4B-00C04F79EFBC}") = "FiedValidationAPI", "Fiedl\FiedValidationAPI.csproj", "{EA8AD775-AE5B-4700-8195-10D03DA8F80B}"
EndProject
Global
	GlobalSection(SolutionConfigurationPlatforms) = preSolution
		Debug|Any CPU = Debug|Any CPU
		Release|Any CPU = Release|Any CPU
	EndGlobalSection
	GlobalSection(ProjectConfigurationPlatforms) = postSolution
		{1384A48D-9932-4F20-A2A7-77C1756FACBC}.Debug|Any CPU.ActiveCfg = Debug|Any CPU
		{1384A48D-9932-4F20-A2A7-77C1756FACBC}.Debug|Any CPU.Build.0 = Debug|Any CPU
		{1384A48D-9932-4F20-A2A7-77C1756FACBC}.Release|Any CPU.ActiveCfg = Release|Any CPU
		{1384A48D-9932-4F20-A2A7-77C1756FACBC}.Release|Any CPU.Build.0 = Release|Any CPU
		{EA8AD775-AE5B-4700-8195-10D03DA8F80B}.Debug|Any CPU.ActiveCfg = Debug|Any CPU
		{EA8AD775-AE5B-4700-8195-10D03DA8F80B}.Debug|Any CPU.Build.0 = Debug|Any CPU
		{EA8AD775-AE5B-4700-8195-10D03DA8F80B}.Release|Any CPU.ActiveCfg = Release|Any CPU
		{EA8AD775-AE5B-4700-8195-10D03DA8F80B}.Release|Any CPU.Build.0 = Release|Any CPU
	EndGlobalSection
	GlobalSection(SolutionProperties) = preSolution
		HideSolutionNode = FALSE
	EndGlobalSection
EndGlobal
